// !$*UTF8*$!
{
	archiveVersion = 1;
	classes = {
	};
	objectVersion = 77;
	objects = {

/* Begin PBXBuildFile section */
		1D7CF1F03067F73900AB9B9A /* AppDependencies in Frameworks */ = {isa = PBXBuildFile; productRef = 1D7CF1EF3067F73900AB9B9A /* AppDependencies */; };
		1DD39ADB30680EE100E179BD /* AppFeature in Frameworks */ = {isa = PBXBuildFile; productRef = 2676C0232F2F3FB200338353 /* AppFeature */; };
		1DD39ADD30680EE100E179BD /* TCAAdapters in Frameworks */ = {isa = PBXBuildFile; productRef = 2676C0352F2F3FB200338353 /* TCAAdapters */; };
		2625C8DE2EEDADB700BCD48D /* ComposableArchitecture in Frameworks */ = {isa = PBXBuildFile; productRef = 2625C8DD2EEDADB700BCD48D /* ComposableArchitecture */; };
		2625C8E02EEDADD400BCD48D /* AppFeature in Frameworks */ = {isa = PBXBuildFile; productRef = 2625C8DF2EEDADD400BCD48D /* AppFeature */; };
		2625C8E22EEDADD400BCD48D /* BaseCore in Frameworks */ = {isa = PBXBuildFile; productRef = 2625C8E12EEDADD400BCD48D /* BaseCore */; };
		2625C8E42EEDADD400BCD48D /* DomainCore in Frameworks */ = {isa = PBXBuildFile; productRef = 2625C8E32EEDADD400BCD48D /* DomainCore */; };
		2625C8EA2EEDADD400BCD48D /* NetworkCore in Frameworks */ = {isa = PBXBuildFile; productRef = 2625C8E92EEDADD400BCD48D /* NetworkCore */; };
		2625C8EC2EEDADD400BCD48D /* StorageCore in Frameworks */ = {isa = PBXBuildFile; productRef = 2625C8EB2EEDADD400BCD48D /* StorageCore */; };
		2627A96A2F09868400E1EDF9 /* DesignSystem in Frameworks */ = {isa = PBXBuildFile; productRef = 2627A9692F09868400E1EDF9 /* DesignSystem */; };
		2676C0172F2F3F1B00338353 /* MyAppClip.app in Embed App Clips */ = {isa = PBXBuildFile; fileRef = 2676BFF52F2F3F1A00338353 /* MyAppClip.app */; settings = {ATTRIBUTES = (RemoveHeadersOnCopy, ); }; };
		2676C0262F2F3FB200338353 /* BaseCore in Frameworks */ = {isa = PBXBuildFile; productRef = 2676C0252F2F3FB200338353 /* BaseCore */; };
		2676C0282F2F3FB200338353 /* DesignSystem in Frameworks */ = {isa = PBXBuildFile; productRef = 2676C0272F2F3FB200338353 /* DesignSystem */; };
		2676C02A2F2F3FB200338353 /* DomainCore in Frameworks */ = {isa = PBXBuildFile; productRef = 2676C0292F2F3FB200338353 /* DomainCore */; };
		2676C0322F2F3FB200338353 /* NetworkCore in Frameworks */ = {isa = PBXBuildFile; productRef = 2676C0312F2F3FB200338353 /* NetworkCore */; };
		2676C0342F2F3FB200338353 /* StorageCore in Frameworks */ = {isa = PBXBuildFile; productRef = 2676C0332F2F3FB200338353 /* StorageCore */; };
		2676C0382F2F3FC000338353 /* ComposableArchitecture in Frameworks */ = {isa = PBXBuildFile; productRef = 2676C0372F2F3FC000338353 /* ComposableArchitecture */; };
/* End PBXBuildFile section */

/* Begin PBXContainerItemProxy section */
		2676C0042F2F3F1B00338353 /* PBXContainerItemProxy */ = {
			isa = PBXContainerItemProxy;
			containerPortal = 26B27C0C2EED9006003E5177 /* Project object */;
			proxyType = 1;
			remoteGlobalIDString = 2676BFF42F2F3F1A00338353;
			remoteInfo = MyAppClip;
		};
		2676C00E2F2F3F1B00338353 /* PBXContainerItemProxy */ = {
			isa = PBXContainerItemProxy;
			containerPortal = 26B27C0C2EED9006003E5177 /* Project object */;
			proxyType = 1;
			remoteGlobalIDString = 2676BFF42F2F3F1A00338353;
			remoteInfo = MyAppClip;
		};
		2676C0152F2F3F1B00338353 /* PBXContainerItemProxy */ = {
			isa = PBXContainerItemProxy;
			containerPortal = 26B27C0C2EED9006003E5177 /* Project object */;
			proxyType = 1;
			remoteGlobalIDString = 2676BFF42F2F3F1A00338353;
			remoteInfo = MyAppClip;
		};
		26B27C222EED9007003E5177 /* PBXContainerItemProxy */ = {
			isa = PBXContainerItemProxy;
			containerPortal = 26B27C0C2EED9006003E5177 /* Project object */;
			proxyType = 1;
			remoteGlobalIDString = 26B27C132EED9006003E5177;
			remoteInfo = TCAtest;
		};
		26B27C2C2EED9007003E5177 /* PBXContainerItemProxy */ = {
			isa = PBXContainerItemProxy;
			containerPortal = 26B27C0C2EED9006003E5177 /* Project object */;
			proxyType = 1;
			remoteGlobalIDString = 26B27C132EED9006003E5177;
			remoteInfo = TCAtest;
		};
/* End PBXContainerItemProxy section */

/* Begin PBXCopyFilesBuildPhase section */
		2676C0182F2F3F1B00338353 /* Embed App Clips */ = {
			isa = PBXCopyFilesBuildPhase;
			buildActionMask = 2147483647;
			dstPath = "$(CONTENTS_FOLDER_PATH)/AppClips";
			dstSubfolderSpec = 16;
			files = (
				2676C0172F2F3F1B00338353 /* MyAppClip.app in Embed App Clips */,
			);
			name = "Embed App Clips";
			runOnlyForDeploymentPostprocessing = 0;
		};
/* End PBXCopyFilesBuildPhase section */

/* Begin PBXFileReference section */
		2625C8B12EED9E4500BCD48D /* AppFeature */ = {isa = PBXFileReference; lastKnownFileType = wrapper; path = AppFeature; sourceTree = "<group>"; };
		2627A9682F09848600E1EDF9 /* DesignSystem */ = {isa = PBXFileReference; lastKnownFileType = wrapper; path = DesignSystem; sourceTree = "<group>"; };
		2627A96B2F0988F600E1EDF9 /* TCAAdapters */ = {isa = PBXFileReference; lastKnownFileType = wrapper; path = TCAAdapters; sourceTree = "<group>"; };
		2676BFF52F2F3F1A00338353 /* MyAppClip.app */ = {isa = PBXFileReference; explicitFileType = wrapper.application; includeInIndex = 0; path = MyAppClip.app; sourceTree = BUILT_PRODUCTS_DIR; };
		2676C0032F2F3F1B00338353 /* MyAppClipTests.xctest */ = {isa = PBXFileReference; explicitFileType = wrapper.cfbundle; includeInIndex = 0; path = MyAppClipTests.xctest; sourceTree = BUILT_PRODUCTS_DIR; };
		2676C00D2F2F3F1B00338353 /* MyAppClipUITests.xctest */ = {isa = PBXFileReference; explicitFileType = wrapper.cfbundle; includeInIndex = 0; path = MyAppClipUITests.xctest; sourceTree = BUILT_PRODUCTS_DIR; };
		26B27C142EED9006003E5177 /* TCAtest.app */ = {isa = PBXFileReference; explicitFileType = wrapper.application; includeInIndex = 0; path = TCAtest.app; sourceTree = BUILT_PRODUCTS_DIR; };
		26B27C212EED9007003E5177 /* TCAtestTests.xctest */ = {isa = PBXFileReference; explicitFileType = wrapper.cfbundle; includeInIndex = 0; path = TCAtestTests.xctest; sourceTree = BUILT_PRODUCTS_DIR; };
		26B27C2B2EED9007003E5177 /* TCAtestUITests.xctest */ = {isa = PBXFileReference; explicitFileType = wrapper.cfbundle; includeInIndex = 0; path = TCAtestUITests.xctest; sourceTree = BUILT_PRODUCTS_DIR; };
		26B27C4B2EED92EB003E5177 /* BaseCore */ = {isa = PBXFileReference; lastKnownFileType = wrapper; path = BaseCore; sourceTree = "<group>"; };
		26B27C4C2EED92EB003E5177 /* DomainCore */ = {isa = PBXFileReference; lastKnownFileType = wrapper; path = DomainCore; sourceTree = "<group>"; };
		26B27C4D2EED92EB003E5177 /* NetworkCore */ = {isa = PBXFileReference; lastKnownFileType = wrapper; path = NetworkCore; sourceTree = "<group>"; };
		26B27C4E2EED92EB003E5177 /* StorageCore */ = {isa = PBXFileReference; lastKnownFileType = wrapper; path = StorageCore; sourceTree = "<group>"; };
/* End PBXFileReference section */

/* Begin PBXFileSystemSynchronizedBuildFileExceptionSet section */
		2676C01F2F2F3F1B00338353 /* Exceptions for "MyAppClip" folder in "MyAppClip" target */ = {
			isa = PBXFileSystemSynchronizedBuildFileExceptionSet;
			membershipExceptions = (
				Info.plist,
			);
			target = 2676BFF42F2F3F1A00338353 /* MyAppClip */;
		};
/* End PBXFileSystemSynchronizedBuildFileExceptionSet section */

/* Begin PBXFileSystemSynchronizedRootGroup section */
		2676BFF62F2F3F1A00338353 /* MyAppClip */ = {
			isa = PBXFileSystemSynchronizedRootGroup;
			exceptions = (
				2676C01F2F2F3F1B00338353 /* Exceptions for "MyAppClip" folder in "MyAppClip" target */,
			);
			path = MyAppClip;
			sourceTree = "<group>";
		};
		2676C0062F2F3F1B00338353 /* MyAppClipTests */ = {
			isa = PBXFileSystemSynchronizedRootGroup;
			path = MyAppClipTests;
			sourceTree = "<group>";
		};
		2676C0102F2F3F1B00338353 /* MyAppClipUITests */ = {
			isa = PBXFileSystemSynchronizedRootGroup;
			path = MyAppClipUITests;
			sourceTree = "<group>";
		};
		26B27C162EED9006003E5177 /* TCAtest */ = {
			isa = PBXFileSystemSynchronizedRootGroup;
			path = TCAtest;
			sourceTree = "<group>";
		};
		26B27C242EED9007003E5177 /* TCAtestTests */ = {
			isa = PBXFileSystemSynchronizedRootGroup;
			path = TCAtestTests;
			sourceTree = "<group>";
		};
		26B27C2E2EED9007003E5177 /* TCAtestUITests */ = {
			isa = PBXFileSystemSynchronizedRootGroup;
			path = TCAtestUITests;
			sourceTree = "<group>";
		};
/* End PBXFileSystemSynchronizedRootGroup section */

/* Begin PBXFrameworksBuildPhase section */
		2676BFF22F2F3F1A00338353 /* Frameworks */ = {
			isa = PBXFrameworksBuildPhase;
			buildActionMask = 2147483647;
			files = (
				1DD39ADD30680EE100E179BD /* TCAAdapters in Frameworks */,
				1DD39ADB30680EE100E179BD /* AppFeature in Frameworks */,
				1D7CF1F03067F73900AB9B9A /* AppDependencies in Frameworks */,
				2676C0342F2F3FB200338353 /* StorageCore in Frameworks */,
				2676C0282F2F3FB200338353 /* DesignSystem in Frameworks */,
				2676C0382F2F3FC000338353 /* ComposableArchitecture in Frameworks */,
				2676C0262F2F3FB200338353 /* BaseCore in Frameworks */,
				2676C0322F2F3FB200338353 /* NetworkCore in Frameworks */,
				2676C02A2F2F3FB200338353 /* DomainCore in Frameworks */,
			);
			runOnlyForDeploymentPostprocessing = 0;
		};
		2676C0002F2F3F1B00338353 /* Frameworks */ = {
			isa = PBXFrameworksBuildPhase;
			buildActionMask = 2147483647;
			files = (
			);
			runOnlyForDeploymentPostprocessing = 0;
		};
		2676C00A2F2F3F1B00338353 /* Frameworks */ = {
			isa = PBXFrameworksBuildPhase;
			buildActionMask = 2147483647;
			files = (
			);
			runOnlyForDeploymentPostprocessing = 0;
		};
		26B27C112EED9006003E5177 /* Frameworks */ = {
			isa = PBXFrameworksBuildPhase;
			buildActionMask = 2147483647;
			files = (
				2625C8EC2EEDADD400BCD48D /* StorageCore in Frameworks */,
				2625C8DE2EEDADB700BCD48D /* ComposableArchitecture in Frameworks */,
				2627A96A2F09868400E1EDF9 /* DesignSystem in Frameworks */,
				2625C8EA2EEDADD400BCD48D /* NetworkCore in Frameworks */,
				2625C8E22EEDADD400BCD48D /* BaseCore in Frameworks */,
				2625C8E02EEDADD400BCD48D /* AppFeature in Frameworks */,
				2625C8E42EEDADD400BCD48D /* DomainCore in Frameworks */,
			);
			runOnlyForDeploymentPostprocessing = 0;
		};
		26B27C1E2EED9007003E5177 /* Frameworks */ = {
			isa = PBXFrameworksBuildPhase;
			buildActionMask = 2147483647;
			files = (
			);
			runOnlyForDeploymentPostprocessing = 0;
		};
		26B27C282EED9007003E5177 /* Frameworks */ = {
			isa = PBXFrameworksBuildPhase;
			buildActionMask = 2147483647;
			files = (
			);
			runOnlyForDeploymentPostprocessing = 0;
		};
/* End PBXFrameworksBuildPhase section */

/* Begin PBXGroup section */
		1D7CF1EE3067F72B00AB9B9A /* Frameworks */ = {
			isa = PBXGroup;
			children = (
			);
			name = Frameworks;
			sourceTree = "<group>";
		};
		26B27C0B2EED9006003E5177 = {
			isa = PBXGroup;
			children = (
				26B27C4A2EED92C0003E5177 /* Packages */,
				26B27C162EED9006003E5177 /* TCAtest */,
				26B27C242EED9007003E5177 /* TCAtestTests */,
				26B27C2E2EED9007003E5177 /* TCAtestUITests */,
				2676BFF62F2F3F1A00338353 /* MyAppClip */,
				2676C0062F2F3F1B00338353 /* MyAppClipTests */,
				2676C0102F2F3F1B00338353 /* MyAppClipUITests */,
				1D7CF1EE3067F72B00AB9B9A /* Frameworks */,
				26B27C152EED9006003E5177 /* Products */,
			);
			sourceTree = "<group>";
		};
		26B27C152EED9006003E5177 /* Products */ = {
			isa = PBXGroup;
			children = (
				26B27C142EED9006003E5177 /* TCAtest.app */,
				26B27C212EED9007003E5177 /* TCAtestTests.xctest */,
				26B27C2B2EED9007003E5177 /* TCAtestUITests.xctest */,
				2676BFF52F2F3F1A00338353 /* MyAppClip.app */,
				2676C0032F2F3F1B00338353 /* MyAppClipTests.xctest */,
				2676C00D2F2F3F1B00338353 /* MyAppClipUITests.xctest */,
			);
			name = Products;
			sourceTree = "<group>";
		};
		26B27C4A2EED92C0003E5177 /* Packages */ = {
			isa = PBXGroup;
			children = (
				26B27C4B2EED92EB003E5177 /* BaseCore */,
				26B27C4C2EED92EB003E5177 /* DomainCore */,
				26B27C4D2EED92EB003E5177 /* NetworkCore */,
				26B27C4E2EED92EB003E5177 /* StorageCore */,
				2627A9682F09848600E1EDF9 /* DesignSystem */,
				2627A96B2F0988F600E1EDF9 /* TCAAdapters */,
				2625C8B12EED9E4500BCD48D /* AppFeature */,
			);
			path = Packages;
			sourceTree = "<group>";
		};
/* End PBXGroup section */

/* Begin PBXNativeTarget section */
		2676BFF42F2F3F1A00338353 /* MyAppClip */ = {
			isa = PBXNativeTarget;
			buildConfigurationList = 2676C0202F2F3F1B00338353 /* Build configuration list for PBXNativeTarget "MyAppClip" */;
			buildPhases = (
				2676BFF12F2F3F1A00338353 /* Sources */,
				2676BFF22F2F3F1A00338353 /* Frameworks */,
				2676BFF32F2F3F1A00338353 /* Resources */,
			);
			buildRules = (
			);
			dependencies = (
			);
			fileSystemSynchronizedGroups = (
				2676BFF62F2F3F1A00338353 /* MyAppClip */,
			);
			name = MyAppClip;
			packageProductDependencies = (
				2676C0232F2F3FB200338353 /* AppFeature */,
				2676C0252F2F3FB200338353 /* BaseCore */,
				2676C0272F2F3FB200338353 /* DesignSystem */,
				2676C0292F2F3FB200338353 /* DomainCore */,
				2676C02D2F2F3FB200338353 /* PostDetailFeature */,
				2676C0312F2F3FB200338353 /* NetworkCore */,
				2676C0332F2F3FB200338353 /* StorageCore */,
				2676C0352F2F3FB200338353 /* TCAAdapters */,
				2676C0372F2F3FC000338353 /* ComposableArchitecture */,
				1D7CF1EF3067F73900AB9B9A /* AppDependencies */,
			);
			productName = MyAppClip;
			productReference = 2676BFF52F2F3F1A00338353 /* MyAppClip.app */;
			productType = "com.apple.product-type.application.on-demand-install-capable";
		};
		2676C0022F2F3F1B00338353 /* MyAppClipTests */ = {
			isa = PBXNativeTarget;
			buildConfigurationList = 2676C0212F2F3F1B00338353 /* Build configuration list for PBXNativeTarget "MyAppClipTests" */;
			buildPhases = (
				2676BFFF2F2F3F1B00338353 /* Sources */,
				2676C0002F2F3F1B00338353 /* Frameworks */,
				2676C0012F2F3F1B00338353 /* Resources */,
			);
			buildRules = (
			);
			dependencies = (
				2676C0052F2F3F1B00338353 /* PBXTargetDependency */,
			);
			fileSystemSynchronizedGroups = (
				2676C0062F2F3F1B00338353 /* MyAppClipTests */,
			);
			name = MyAppClipTests;
			packageProductDependencies = (
			);
			productName = MyAppClipTests;
			productReference = 2676C0032F2F3F1B00338353 /* MyAppClipTests.xctest */;
			productType = "com.apple.product-type.bundle.unit-test";
		};
		2676C00C2F2F3F1B00338353 /* MyAppClipUITests */ = {
			isa = PBXNativeTarget;
			buildConfigurationList = 2676C0222F2F3F1B00338353 /* Build configuration list for PBXNativeTarget "MyAppClipUITests" */;
			buildPhases = (
				2676C0092F2F3F1B00338353 /* Sources */,
				2676C00A2F2F3F1B00338353 /* Frameworks */,
				2676C00B2F2F3F1B00338353 /* Resources */,
			);
			buildRules = (
			);
			dependencies = (
				2676C00F2F2F3F1B00338353 /* PBXTargetDependency */,
			);
			fileSystemSynchronizedGroups = (
				2676C0102F2F3F1B00338353 /* MyAppClipUITests */,
			);
			name = MyAppClipUITests;
			packageProductDependencies = (
			);
			productName = MyAppClipUITests;
			productReference = 2676C00D2F2F3F1B00338353 /* MyAppClipUITests.xctest */;
			productType = "com.apple.product-type.bundle.ui-testing";
		};
		26B27C132EED9006003E5177 /* TCAtest */ = {
			isa = PBXNativeTarget;
			buildConfigurationList = 26B27C352EED9007003E5177 /* Build configuration list for PBXNativeTarget "TCAtest" */;
			buildPhases = (
				26B27C102EED9006003E5177 /* Sources */,
				26B27C112EED9006003E5177 /* Frameworks */,
				26B27C122EED9006003E5177 /* Resources */,
				2676C0182F2F3F1B00338353 /* Embed App Clips */,
			);
			buildRules = (
			);
			dependencies = (
				2676C0162F2F3F1B00338353 /* PBXTargetDependency */,
			);
			fileSystemSynchronizedGroups = (
				26B27C162EED9006003E5177 /* TCAtest */,
			);
			name = TCAtest;
			packageProductDependencies = (
				2625C8DD2EEDADB700BCD48D /* ComposableArchitecture */,
				2625C8DF2EEDADD400BCD48D /* AppFeature */,
				2625C8E12EEDADD400BCD48D /* BaseCore */,
				2625C8E32EEDADD400BCD48D /* DomainCore */,
				2625C8E52EEDADD400BCD48D /* FeatureHome */,
				2625C8E72EEDADD400BCD48D /* FeatureSplash */,
				2625C8E92EEDADD400BCD48D /* NetworkCore */,
				2625C8EB2EEDADD400BCD48D /* StorageCore */,
				2627A9692F09868400E1EDF9 /* DesignSystem */,
			);
			productName = TCAtest;
			productReference = 26B27C142EED9006003E5177 /* TCAtest.app */;
			productType = "com.apple.product-type.application";
		};
		26B27C202EED9007003E5177 /* TCAtestTests */ = {
			isa = PBXNativeTarget;
			buildConfigurationList = 26B27C382EED9007003E5177 /* Build configuration list for PBXNativeTarget "TCAtestTests" */;
			buildPhases = (
				26B27C1D2EED9007003E5177 /* Sources */,
				26B27C1E2EED9007003E5177 /* Frameworks */,
				26B27C1F2EED9007003E5177 /* Resources */,
			);
			buildRules = (
			);
			dependencies = (
				26B27C232EED9007003E5177 /* PBXTargetDependency */,
			);
			fileSystemSynchronizedGroups = (
				26B27C242EED9007003E5177 /* TCAtestTests */,
			);
			name = TCAtestTests;
			packageProductDependencies = (
			);
			productName = TCAtestTests;
			productReference = 26B27C212EED9007003E5177 /* TCAtestTests.xctest */;
			productType = "com.apple.product-type.bundle.unit-test";
		};
		26B27C2A2EED9007003E5177 /* TCAtestUITests */ = {
			isa = PBXNativeTarget;
			buildConfigurationList = 26B27C3B2EED9007003E5177 /* Build configuration list for PBXNativeTarget "TCAtestUITests" */;
			buildPhases = (
				26B27C272EED9007003E5177 /* Sources */,
				26B27C282EED9007003E5177 /* Frameworks */,
				26B27C292EED9007003E5177 /* Resources */,
			);
			buildRules = (
			);
			dependencies = (
				26B27C2D2EED9007003E5177 /* PBXTargetDependency */,
			);
			fileSystemSynchronizedGroups = (
				26B27C2E2EED9007003E5177 /* TCAtestUITests */,
			);
			name = TCAtestUITests;
			packageProductDependencies = (
			);
			productName = TCAtestUITests;
			productReference = 26B27C2B2EED9007003E5177 /* TCAtestUITests.xctest */;
			productType = "com.apple.product-type.bundle.ui-testing";
		};
/* End PBXNativeTarget section */

/* Begin PBXProject section */
		26B27C0C2EED9006003E5177 /* Project object */ = {
			isa = PBXProject;
			attributes = {
				BuildIndependentTargetsInParallel = 1;
				LastSwiftUpdateCheck = 2620;
				LastUpgradeCheck = 2630;
				TargetAttributes = {
					2676BFF42F2F3F1A00338353 = {
						CreatedOnToolsVersion = 26.2;
					};
					2676C0022F2F3F1B00338353 = {
						CreatedOnToolsVersion = 26.2;
						TestTargetID = 2676BFF42F2F3F1A00338353;
					};
					2676C00C2F2F3F1B00338353 = {
						CreatedOnToolsVersion = 26.2;
						TestTargetID = 2676BFF42F2F3F1A00338353;
					};
					26B27C132EED9006003E5177 = {
						CreatedOnToolsVersion = 26.1.1;
					};
					26B27C202EED9007003E5177 = {
						CreatedOnToolsVersion = 26.1.1;
						TestTargetID = 26B27C132EED9006003E5177;
					};
					26B27C2A2EED9007003E5177 = {
						CreatedOnToolsVersion = 26.1.1;
						TestTargetID = 26B27C132EED9006003E5177;
					};
				};
			};
			buildConfigurationList = 26B27C0F2EED9006003E5177 /* Build configuration list for PBXProject "TCAtest" */;
			developmentRegion = en;
			hasScannedForEncodings = 0;
			knownRegions = (
				en,
				Base,
				de,
			);
			mainGroup = 26B27C0B2EED9006003E5177;
			minimizedProjectReferenceProxies = 1;
			packageReferences = (
				2625C8B42EEDA0C000BCD48D /* XCRemoteSwiftPackageReference "swift-composable-architecture" */,
			);
			preferredProjectObjectVersion = 77;
			productRefGroup = 26B27C152EED9006003E5177 /* Products */;
			projectDirPath = "";
			projectRoot = "";
			targets = (
				26B27C132EED9006003E5177 /* TCAtest */,
				26B27C202EED9007003E5177 /* TCAtestTests */,
				26B27C2A2EED9007003E5177 /* TCAtestUITests */,
				2676BFF42F2F3F1A00338353 /* MyAppClip */,
				2676C0022F2F3F1B00338353 /* MyAppClipTests */,
				2676C00C2F2F3F1B00338353 /* MyAppClipUITests */,
			);
		};
/* End PBXProject section */

/* Begin PBXResourcesBuildPhase section */
		2676BFF32F2F3F1A00338353 /* Resources */ = {
			isa = PBXResourcesBuildPhase;
			buildActionMask = 2147483647;
			files = (
			);
			runOnlyForDeploymentPostprocessing = 0;
		};
		2676C0012F2F3F1B00338353 /* Resources */ = {
			isa = PBXResourcesBuildPhase;
			buildActionMask = 2147483647;
			files = (
			);
			runOnlyForDeploymentPostprocessing = 0;
		};
		2676C00B2F2F3F1B00338353 /* Resources */ = {
			isa = PBXResourcesBuildPhase;
			buildActionMask = 2147483647;
			files = (
			);
			runOnlyForDeploymentPostprocessing = 0;
		};
		26B27C122EED9006003E5177 /* Resources */ = {
			isa = PBXResourcesBuildPhase;
			buildActionMask = 2147483647;
			files = (
			);
			runOnlyForDeploymentPostprocessing = 0;
		};
		26B27C1F2EED9007003E5177 /* Resources */ = {
			isa = PBXResourcesBuildPhase;
			buildActionMask = 2147483647;
			files = (
			);
			runOnlyForDeploymentPostprocessing = 0;
		};
		26B27C292EED9007003E5177 /* Resources */ = {
			isa = PBXResourcesBuildPhase;
			buildActionMask = 2147483647;
			files = (
			);
			runOnlyForDeploymentPostprocessing = 0;
		};
/* End PBXResourcesBuildPhase section */

/* Begin PBXSourcesBuildPhase section */
		2676BFF12F2F3F1A00338353 /* Sources */ = {
			isa = PBXSourcesBuildPhase;
			buildActionMask = 2147483647;
			files = (
			);
			runOnlyForDeploymentPostprocessing = 0;
		};
		2676BFFF2F2F3F1B00338353 /* Sources */ = {
			isa = PBXSourcesBuildPhase;
			buildActionMask = 2147483647;
			files = (
			);
			runOnlyForDeploymentPostprocessing = 0;
		};
		2676C0092F2F3F1B00338353 /* Sources */ = {
			isa = PBXSourcesBuildPhase;
			buildActionMask = 2147483647;
			files = (
			);
			runOnlyForDeploymentPostprocessing = 0;
		};
		26B27C102EED9006003E5177 /* Sources */ = {
			isa = PBXSourcesBuildPhase;
			buildActionMask = 2147483647;
			files = (
			);
			runOnlyForDeploymentPostprocessing = 0;
		};
		26B27C1D2EED9007003E5177 /* Sources */ = {
			isa = PBXSourcesBuildPhase;
			buildActionMask = 2147483647;
			files = (
			);
			runOnlyForDeploymentPostprocessing = 0;
		};
		26B27C272EED9007003E5177 /* Sources */ = {
			isa = PBXSourcesBuildPhase;
			buildActionMask = 2147483647;
			files = (
			);
			runOnlyForDeploymentPostprocessing = 0;
		};
/* End PBXSourcesBuildPhase section */

/* Begin PBXTargetDependency section */
		2676C0052F2F3F1B00338353 /* PBXTargetDependency */ = {
			isa = PBXTargetDependency;
			target = 2676BFF42F2F3F1A00338353 /* MyAppClip */;
			targetProxy = 2676C0042F2F3F1B00338353 /* PBXContainerItemProxy */;
		};
		2676C00F2F2F3F1B00338353 /* PBXTargetDependency */ = {
			isa = PBXTargetDependency;
			target = 2676BFF42F2F3F1A00338353 /* MyAppClip */;
			targetProxy = 2676C00E2F2F3F1B00338353 /* PBXContainerItemProxy */;
		};
		2676C0162F2F3F1B00338353 /* PBXTargetDependency */ = {
			isa = PBXTargetDependency;
			target = 2676BFF42F2F3F1A00338353 /* MyAppClip */;
			targetProxy = 2676C0152F2F3F1B00338353 /* PBXContainerItemProxy */;
		};
		26B27C232EED9007003E5177 /* PBXTargetDependency */ = {
			isa = PBXTargetDependency;
			target = 26B27C132EED9006003E5177 /* TCAtest */;
			targetProxy = 26B27C222EED9007003E5177 /* PBXContainerItemProxy */;
		};
		26B27C2D2EED9007003E5177 /* PBXTargetDependency */ = {
			isa = PBXTargetDependency;
			target = 26B27C132EED9006003E5177 /* TCAtest */;
			targetProxy = 26B27C2C2EED9007003E5177 /* PBXContainerItemProxy */;
		};
/* End PBXTargetDependency section */

/* Begin XCBuildConfiguration section */
		2676C0192F2F3F1B00338353 /* Debug */ = {
			isa = XCBuildConfiguration;
			buildSettings = {
				ASSETCATALOG_COMPILER_APPICON_NAME = AppIcon;
				ASSETCATALOG_COMPILER_GLOBAL_ACCENT_COLOR_NAME = AccentColor;
				CODE_SIGN_ENTITLEMENTS = MyAppClip/MyAppClip.entitlements;
				CODE_SIGN_STYLE = Automatic;
				CURRENT_PROJECT_VERSION = 1;
				DEVELOPMENT_TEAM = 629X8QHQXD;
				ENABLE_PREVIEWS = YES;
				GENERATE_INFOPLIST_FILE = YES;
				INFOPLIST_FILE = MyAppClip/Info.plist;
				INFOPLIST_KEY_CFBundleDisplayName = TCAtest;
				INFOPLIST_KEY_UIApplicationSceneManifest_Generation = YES;
				INFOPLIST_KEY_UIApplicationSupportsIndirectInputEvents = YES;
				INFOPLIST_KEY_UILaunchScreen_Generation = YES;
				INFOPLIST_KEY_UISupportedInterfaceOrientations_iPad = "UIInterfaceOrientationPortrait UIInterfaceOrientationPortraitUpsideDown UIInterfaceOrientationLandscapeLeft UIInterfaceOrientationLandscapeRight";
				INFOPLIST_KEY_UISupportedInterfaceOrientations_iPhone = "UIInterfaceOrientationPortrait UIInterfaceOrientationLandscapeLeft UIInterfaceOrientationLandscapeRight";
				IPHONEOS_DEPLOYMENT_TARGET = 26.2;
				LD_RUNPATH_SEARCH_PATHS = (
					"$(inherited)",
					"@executable_path/Frameworks",
				);
				MARKETING_VERSION = 1.0;
				PRODUCT_BUNDLE_IDENTIFIER = Composable.TCAtest.Clip;
				PRODUCT_NAME = "$(TARGET_NAME)";
				SDKROOT = iphoneos;
				STRING_CATALOG_GENERATE_SYMBOLS = YES;
				SUPPORTED_PLATFORMS = "iphoneos iphonesimulator";
				SUPPORTS_MACCATALYST = NO;
				SUPPORTS_MAC_DESIGNED_FOR_IPHONE_IPAD = NO;
				SUPPORTS_XR_DESIGNED_FOR_IPHONE_IPAD = NO;
				SWIFT_APPROACHABLE_CONCURRENCY = YES;
				SWIFT_DEFAULT_ACTOR_ISOLATION = nonisolated;
				SWIFT_EMIT_LOC_STRINGS = YES;
				SWIFT_UPCOMING_FEATURE_MEMBER_IMPORT_VISIBILITY = YES;
				SWIFT_VERSION = 5.0;
				TARGETED_DEVICE_FAMILY = 1;
			};
			name = Debug;
		};
		2676C01A2F2F3F1B00338353 /* Release */ = {
			isa = XCBuildConfiguration;
			buildSettings = {
				ASSETCATALOG_COMPILER_APPICON_NAME = AppIcon;
				ASSETCATALOG_COMPILER_GLOBAL_ACCENT_COLOR_NAME = AccentColor;
				CODE_SIGN_ENTITLEMENTS = MyAppClip/MyAppClip.entitlements;
				CODE_SIGN_STYLE = Automatic;
				CURRENT_PROJECT_VERSION = 1;
				DEVELOPMENT_TEAM = 629X8QHQXD;
				ENABLE_PREVIEWS = YES;
				GENERATE_INFOPLIST_FILE = YES;
				INFOPLIST_FILE = MyAppClip/Info.plist;
				INFOPLIST_KEY_CFBundleDisplayName = TCAtest;
				INFOPLIST_KEY_UIApplicationSceneManifest_Generation = YES;
				INFOPLIST_KEY_UIApplicationSupportsIndirectInputEvents = YES;
				INFOPLIST_KEY_UILaunchScreen_Generation = YES;
				INFOPLIST_KEY_UISupportedInterfaceOrientations_iPad = "UIInterfaceOrientationPortrait UIInterfaceOrientationPortraitUpsideDown UIInterfaceOrientationLandscapeLeft UIInterfaceOrientationLandscapeRight";
				INFOPLIST_KEY_UISupportedInterfaceOrientations_iPhone = "UIInterfaceOrientationPortrait UIInterfaceOrientationLandscapeLeft UIInterfaceOrientationLandscapeRight";
				IPHONEOS_DEPLOYMENT_TARGET = 26.2;
				LD_RUNPATH_SEARCH_PATHS = (
					"$(inherited)",
					"@executable_path/Frameworks",
				);
				MARKETING_VERSION = 1.0;
				PRODUCT_BUNDLE_IDENTIFIER = Composable.TCAtest.Clip;
				PRODUCT_NAME = "$(TARGET_NAME)";
				SDKROOT = iphoneos;
				STRING_CATALOG_GENERATE_SYMBOLS = YES;
				SUPPORTED_PLATFORMS = "iphoneos iphonesimulator";
				SUPPORTS_MACCATALYST = NO;
				SUPPORTS_MAC_DESIGNED_FOR_IPHONE_IPAD = NO;
				SUPPORTS_XR_DESIGNED_FOR_IPHONE_IPAD = NO;
				SWIFT_APPROACHABLE_CONCURRENCY = YES;
				SWIFT_DEFAULT_ACTOR_ISOLATION = nonisolated;
				SWIFT_EMIT_LOC_STRINGS = YES;
				SWIFT_UPCOMING_FEATURE_MEMBER_IMPORT_VISIBILITY = YES;
				SWIFT_VERSION = 5.0;
				TARGETED_DEVICE_FAMILY = 1;
				VALIDATE_PRODUCT = YES;
			};
			name = Release;
		};
		2676C01B2F2F3F1B00338353 /* Debug */ = {
			isa = XCBuildConfiguration;
			buildSettings = {
				CODE_SIGN_STYLE = Automatic;
				CURRENT_PROJECT_VERSION = 1;
				DEVELOPMENT_TEAM = 629X8QHQXD;
				GENERATE_INFOPLIST_FILE = YES;
				IPHONEOS_DEPLOYMENT_TARGET = 26.2;
				MARKETING_VERSION = 1.0;
				PRODUCT_BUNDLE_IDENTIFIER = Composable.TCAtest.MyAppClipTests;
				PRODUCT_NAME = "$(TARGET_NAME)";
				SDKROOT = iphoneos;
				STRING_CATALOG_GENERATE_SYMBOLS = NO;
				SWIFT_APPROACHABLE_CONCURRENCY = YES;
				SWIFT_EMIT_LOC_STRINGS = NO;
				SWIFT_UPCOMING_FEATURE_MEMBER_IMPORT_VISIBILITY = YES;
				SWIFT_VERSION = 5.0;
				TARGETED_DEVICE_FAMILY = "1,2";
			};
			name = Debug;
		};
		2676C01C2F2F3F1B00338353 /* Release */ = {
			isa = XCBuildConfiguration;
			buildSettings = {
				CODE_SIGN_STYLE = Automatic;
				CURRENT_PROJECT_VERSION = 1;
				DEVELOPMENT_TEAM = 629X8QHQXD;
				GENERATE_INFOPLIST_FILE = YES;
				IPHONEOS_DEPLOYMENT_TARGET = 26.2;
				MARKETING_VERSION = 1.0;
				PRODUCT_BUNDLE_IDENTIFIER = Composable.TCAtest.MyAppClipTests;
				PRODUCT_NAME = "$(TARGET_NAME)";
				SDKROOT = iphoneos;
				STRING_CATALOG_GENERATE_SYMBOLS = NO;
				SWIFT_APPROACHABLE_CONCURRENCY = YES;
				SWIFT_EMIT_LOC_STRINGS = NO;
				SWIFT_UPCOMING_FEATURE_MEMBER_IMPORT_VISIBILITY = YES;
				SWIFT_VERSION = 5.0;
				TARGETED_DEVICE_FAMILY = "1,2";
				VALIDATE_PRODUCT = YES;
			};
			name = Release;
		};
		2676C01D2F2F3F1B00338353 /* Debug */ = {
			isa = XCBuildConfiguration;
			buildSettings = {
				CODE_SIGN_STYLE = Automatic;
				CURRENT_PROJECT_VERSION = 1;
				DEVELOPMENT_TEAM = 629X8QHQXD;
				GENERATE_INFOPLIST_FILE = YES;
				IPHONEOS_DEPLOYMENT_TARGET = 26.2;
				MARKETING_VERSION = 1.0;
				PRODUCT_BUNDLE_IDENTIFIER = Composable.TCAtest.MyAppClipUITests;
				PRODUCT_NAME = "$(TARGET_NAME)";
				SDKROOT = iphoneos;
				STRING_CATALOG_GENERATE_SYMBOLS = NO;
				SWIFT_APPROACHABLE_CONCURRENCY = YES;
				SWIFT_EMIT_LOC_STRINGS = NO;
				SWIFT_UPCOMING_FEATURE_MEMBER_IMPORT_VISIBILITY = YES;
				SWIFT_VERSION = 5.0;
				TARGETED_DEVICE_FAMILY = "1,2";
				TEST_TARGET_NAME = MyAppClip;
			};
			name = Debug;
		};
		2676C01E2F2F3F1B00338353 /* Release */ = {
			isa = XCBuildConfiguration;
			buildSettings = {
				CODE_SIGN_STYLE = Automatic;
				CURRENT_PROJECT_VERSION = 1;
				DEVELOPMENT_TEAM = 629X8QHQXD;
				GENERATE_INFOPLIST_FILE = YES;
				IPHONEOS_DEPLOYMENT_TARGET = 26.2;
				MARKETING_VERSION = 1.0;
				PRODUCT_BUNDLE_IDENTIFIER = Composable.TCAtest.MyAppClipUITests;
				PRODUCT_NAME = "$(TARGET_NAME)";
				SDKROOT = iphoneos;
				STRING_CATALOG_GENERATE_SYMBOLS = NO;
				SWIFT_APPROACHABLE_CONCURRENCY = YES;
				SWIFT_EMIT_LOC_STRINGS = NO;
				SWIFT_UPCOMING_FEATURE_MEMBER_IMPORT_VISIBILITY = YES;
				SWIFT_VERSION = 5.0;
				TARGETED_DEVICE_FAMILY = "1,2";
				TEST_TARGET_NAME = MyAppClip;
				VALIDATE_PRODUCT = YES;
			};
			name = Release;
		};
		26B27C332EED9007003E5177 /* Debug */ = {
			isa = XCBuildConfiguration;
			buildSettings = {
				ALWAYS_SEARCH_USER_PATHS = NO;
				ASSETCATALOG_COMPILER_GENERATE_SWIFT_ASSET_SYMBOL_EXTENSIONS = YES;
				CLANG_ANALYZER_NONNULL = YES;
				CLANG_ANALYZER_NUMBER_OBJECT_CONVERSION = YES_AGGRESSIVE;
				CLANG_CXX_LANGUAGE_STANDARD = "gnu++20";
				CLANG_ENABLE_MODULES = YES;
				CLANG_ENABLE_OBJC_ARC = YES;
				CLANG_ENABLE_OBJC_WEAK = YES;
				CLANG_WARN_BLOCK_CAPTURE_AUTORELEASING = YES;
				CLANG_WARN_BOOL_CONVERSION = YES;
				CLANG_WARN_COMMA = YES;
				CLANG_WARN_CONSTANT_CONVERSION = YES;
				CLANG_WARN_DEPRECATED_OBJC_IMPLEMENTATIONS = YES;
				CLANG_WARN_DIRECT_OBJC_ISA_USAGE = YES_ERROR;
				CLANG_WARN_DOCUMENTATION_COMMENTS = YES;
				CLANG_WARN_EMPTY_BODY = YES;
				CLANG_WARN_ENUM_CONVERSION = YES;
				CLANG_WARN_INFINITE_RECURSION = YES;
				CLANG_WARN_INT_CONVERSION = YES;
				CLANG_WARN_NON_LITERAL_NULL_CONVERSION = YES;
				CLANG_WARN_OBJC_IMPLICIT_RETAIN_SELF = YES;
				CLANG_WARN_OBJC_LITERAL_CONVERSION = YES;
				CLANG_WARN_OBJC_ROOT_CLASS = YES_ERROR;
				CLANG_WARN_QUOTED_INCLUDE_IN_FRAMEWORK_HEADER = YES;
				CLANG_WARN_RANGE_LOOP_ANALYSIS = YES;
				CLANG_WARN_STRICT_PROTOTYPES = YES;
				CLANG_WARN_SUSPICIOUS_MOVE = YES;
				CLANG_WARN_UNGUARDED_AVAILABILITY = YES_AGGRESSIVE;
				CLANG_WARN_UNREACHABLE_CODE = YES;
				CLANG_WARN__DUPLICATE_METHOD_MATCH = YES;
				COPY_PHASE_STRIP = NO;
				DEAD_CODE_STRIPPING = YES;
				DEBUG_INFORMATION_FORMAT = dwarf;
				DEVELOPMENT_TEAM = 629X8QHQXD;
				ENABLE_STRICT_OBJC_MSGSEND = YES;
				ENABLE_TESTABILITY = YES;
				ENABLE_USER_SCRIPT_SANDBOXING = YES;
				GCC_C_LANGUAGE_STANDARD = gnu17;
				GCC_DYNAMIC_NO_PIC = NO;
				GCC_NO_COMMON_BLOCKS = YES;
				GCC_OPTIMIZATION_LEVEL = 0;
				GCC_PREPROCESSOR_DEFINITIONS = (
					"DEBUG=1",
					"$(inherited)",
				);
				GCC_WARN_64_TO_32_BIT_CONVERSION = YES;
				GCC_WARN_ABOUT_RETURN_TYPE = YES_ERROR;
				GCC_WARN_UNDECLARED_SELECTOR = YES;
				GCC_WARN_UNINITIALIZED_AUTOS = YES_AGGRESSIVE;
				GCC_WARN_UNUSED_FUNCTION = YES;
				GCC_WARN_UNUSED_VARIABLE = YES;
				LOCALIZATION_PREFERS_STRING_CATALOGS = YES;
				MTL_ENABLE_DEBUG_INFO = INCLUDE_SOURCE;
				MTL_FAST_MATH = YES;
				ONLY_ACTIVE_ARCH = YES;
				STRING_CATALOG_GENERATE_SYMBOLS = YES;
				SWIFT_ACTIVE_COMPILATION_CONDITIONS = "DEBUG $(inherited)";
				SWIFT_OPTIMIZATION_LEVEL = "-Onone";
			};
			name = Debug;
		};
		26B27C342EED9007003E5177 /* Release */ = {
			isa = XCBuildConfiguration;
			buildSettings = {
				ALWAYS_SEARCH_USER_PATHS = NO;
				ASSETCATALOG_COMPILER_GENERATE_SWIFT_ASSET_SYMBOL_EXTENSIONS = YES;
				CLANG_ANALYZER_NONNULL = YES;
				CLANG_ANALYZER_NUMBER_OBJECT_CONVERSION = YES_AGGRESSIVE;
				CLANG_CXX_LANGUAGE_STANDARD = "gnu++20";
				CLANG_ENABLE_MODULES = YES;
				CLANG_ENABLE_OBJC_ARC = YES;
				CLANG_ENABLE_OBJC_WEAK = YES;
				CLANG_WARN_BLOCK_CAPTURE_AUTORELEASING = YES;
				CLANG_WARN_BOOL_CONVERSION = YES;
				CLANG_WARN_COMMA = YES;
				CLANG_WARN_CONSTANT_CONVERSION = YES;
				CLANG_WARN_DEPRECATED_OBJC_IMPLEMENTATIONS = YES;
				CLANG_WARN_DIRECT_OBJC_ISA_USAGE = YES_ERROR;
				CLANG_WARN_DOCUMENTATION_COMMENTS = YES;
				CLANG_WARN_EMPTY_BODY = YES;
				CLANG_WARN_ENUM_CONVERSION = YES;
				CLANG_WARN_INFINITE_RECURSION = YES;
				CLANG_WARN_INT_CONVERSION = YES;
				CLANG_WARN_NON_LITERAL_NULL_CONVERSION = YES;
				CLANG_WARN_OBJC_IMPLICIT_RETAIN_SELF = YES;
				CLANG_WARN_OBJC_LITERAL_CONVERSION = YES;
				CLANG_WARN_OBJC_ROOT_CLASS = YES_ERROR;
				CLANG_WARN_QUOTED_INCLUDE_IN_FRAMEWORK_HEADER = YES;
				CLANG_WARN_RANGE_LOOP_ANALYSIS = YES;
				CLANG_WARN_STRICT_PROTOTYPES = YES;
				CLANG_WARN_SUSPICIOUS_MOVE = YES;
				CLANG_WARN_UNGUARDED_AVAILABILITY = YES_AGGRESSIVE;
				CLANG_WARN_UNREACHABLE_CODE = YES;
				CLANG_WARN__DUPLICATE_METHOD_MATCH = YES;
				COPY_PHASE_STRIP = NO;
				DEAD_CODE_STRIPPING = YES;
				DEBUG_INFORMATION_FORMAT = "dwarf-with-dsym";
				DEVELOPMENT_TEAM = 629X8QHQXD;
				ENABLE_NS_ASSERTIONS = NO;
				ENABLE_STRICT_OBJC_MSGSEND = YES;
				ENABLE_USER_SCRIPT_SANDBOXING = YES;
				GCC_C_LANGUAGE_STANDARD = gnu17;
				GCC_NO_COMMON_BLOCKS = YES;
				GCC_WARN_64_TO_32_BIT_CONVERSION = YES;
				GCC_WARN_ABOUT_RETURN_TYPE = YES_ERROR;
				GCC_WARN_UNDECLARED_SELECTOR = YES;
				GCC_WARN_UNINITIALIZED_AUTOS = YES_AGGRESSIVE;
				GCC_WARN_UNUSED_FUNCTION = YES;
				GCC_WARN_UNUSED_VARIABLE = YES;
				LOCALIZATION_PREFERS_STRING_CATALOGS = YES;
				MTL_ENABLE_DEBUG_INFO = NO;
				MTL_FAST_MATH = YES;
				STRING_CATALOG_GENERATE_SYMBOLS = YES;
				SWIFT_COMPILATION_MODE = wholemodule;
			};
			name = Release;
		};
		26B27C362EED9007003E5177 /* Debug */ = {
			isa = XCBuildConfiguration;
			buildSettings = {
				ASSETCATALOG_COMPILER_APPICON_NAME = AppIcon;
				ASSETCATALOG_COMPILER_GLOBAL_ACCENT_COLOR_NAME = AccentColor;
				CODE_SIGN_STYLE = Automatic;
				CURRENT_PROJECT_VERSION = 1;
				DEAD_CODE_STRIPPING = YES;
				DEVELOPMENT_ASSET_PATHS = "Packages/AppFeature Packages/NetworkCore Packages/DomainCore Packages/DesignSystem Packages/BaseCore Packages/StorageCore";
				DEVELOPMENT_TEAM = 629X8QHQXD;
				ENABLE_APP_SANDBOX = YES;
				ENABLE_HARDENED_RUNTIME = YES;
				ENABLE_PREVIEWS = YES;
				ENABLE_USER_SELECTED_FILES = readonly;
				GENERATE_INFOPLIST_FILE = YES;
				"INFOPLIST_KEY_UIApplicationSceneManifest_Generation[sdk=iphoneos*]" = YES;
				"INFOPLIST_KEY_UIApplicationSceneManifest_Generation[sdk=iphonesimulator*]" = YES;
				"INFOPLIST_KEY_UIApplicationSupportsIndirectInputEvents[sdk=iphoneos*]" = YES;
				"INFOPLIST_KEY_UIApplicationSupportsIndirectInputEvents[sdk=iphonesimulator*]" = YES;
				"INFOPLIST_KEY_UILaunchScreen_Generation[sdk=iphoneos*]" = YES;
				"INFOPLIST_KEY_UILaunchScreen_Generation[sdk=iphonesimulator*]" = YES;
				"INFOPLIST_KEY_UIStatusBarStyle[sdk=iphoneos*]" = UIStatusBarStyleDefault;
				"INFOPLIST_KEY_UIStatusBarStyle[sdk=iphonesimulator*]" = UIStatusBarStyleDefault;
				INFOPLIST_KEY_UISupportedInterfaceOrientations = UIInterfaceOrientationPortrait;
				INFOPLIST_KEY_UISupportedInterfaceOrientations_iPad = "UIInterfaceOrientationLandscapeLeft UIInterfaceOrientationLandscapeRight UIInterfaceOrientationPortrait UIInterfaceOrientationPortraitUpsideDown";
				IPHONEOS_DEPLOYMENT_TARGET = 26.0;
				LD_RUNPATH_SEARCH_PATHS = "@executable_path/Frameworks";
				"LD_RUNPATH_SEARCH_PATHS[sdk=macosx*]" = "@executable_path/../Frameworks";
				MACOSX_DEPLOYMENT_TARGET = 26.0;
				MARKETING_VERSION = 1.0;
				PRODUCT_BUNDLE_IDENTIFIER = Composable.TCAtest;
				PRODUCT_NAME = "$(TARGET_NAME)";
				REGISTER_APP_GROUPS = YES;
				SDKROOT = auto;
				STRING_CATALOG_GENERATE_SYMBOLS = YES;
				SUPPORTED_PLATFORMS = "iphoneos iphonesimulator";
				SUPPORTS_MACCATALYST = NO;
				SWIFT_APPROACHABLE_CONCURRENCY = YES;
				SWIFT_DEFAULT_ACTOR_ISOLATION = MainActor;
				SWIFT_EMIT_LOC_STRINGS = YES;
				SWIFT_UPCOMING_FEATURE_MEMBER_IMPORT_VISIBILITY = YES;
				SWIFT_VERSION = 6.0;
				TARGETED_DEVICE_FAMILY = 1;
				XROS_DEPLOYMENT_TARGET = 26.0;
			};
			name = Debug;
		};
		26B27C372EED9007003E5177 /* Release */ = {
			isa = XCBuildConfiguration;
			buildSettings = {
				ASSETCATALOG_COMPILER_APPICON_NAME = AppIcon;
				ASSETCATALOG_COMPILER_GLOBAL_ACCENT_COLOR_NAME = AccentColor;
				CODE_SIGN_STYLE = Automatic;
				CURRENT_PROJECT_VERSION = 1;
				DEAD_CODE_STRIPPING = YES;
				DEVELOPMENT_ASSET_PATHS = "Packages/AppFeature Packages/NetworkCore Packages/DomainCore Packages/DesignSystem Packages/BaseCore Packages/StorageCore";
				DEVELOPMENT_TEAM = 629X8QHQXD;
				ENABLE_APP_SANDBOX = YES;
				ENABLE_HARDENED_RUNTIME = YES;
				ENABLE_PREVIEWS = YES;
				ENABLE_USER_SELECTED_FILES = readonly;
				GENERATE_INFOPLIST_FILE = YES;
				"INFOPLIST_KEY_UIApplicationSceneManifest_Generation[sdk=iphoneos*]" = YES;
				"INFOPLIST_KEY_UIApplicationSceneManifest_Generation[sdk=iphonesimulator*]" = YES;
				"INFOPLIST_KEY_UIApplicationSupportsIndirectInputEvents[sdk=iphoneos*]" = YES;
				"INFOPLIST_KEY_UIApplicationSupportsIndirectInputEvents[sdk=iphonesimulator*]" = YES;
				"INFOPLIST_KEY_UILaunchScreen_Generation[sdk=iphoneos*]" = YES;
				"INFOPLIST_KEY_UILaunchScreen_Generation[sdk=iphonesimulator*]" = YES;
				"INFOPLIST_KEY_UIStatusBarStyle[sdk=iphoneos*]" = UIStatusBarStyleDefault;
				"INFOPLIST_KEY_UIStatusBarStyle[sdk=iphonesimulator*]" = UIStatusBarStyleDefault;
				INFOPLIST_KEY_UISupportedInterfaceOrientations = UIInterfaceOrientationPortrait;
				INFOPLIST_KEY_UISupportedInterfaceOrientations_iPad = "UIInterfaceOrientationLandscapeLeft UIInterfaceOrientationLandscapeRight UIInterfaceOrientationPortrait UIInterfaceOrientationPortraitUpsideDown";
				IPHONEOS_DEPLOYMENT_TARGET = 26.0;
				LD_RUNPATH_SEARCH_PATHS = "@executable_path/Frameworks";
				"LD_RUNPATH_SEARCH_PATHS[sdk=macosx*]" = "@executable_path/../Frameworks";
				MACOSX_DEPLOYMENT_TARGET = 26.0;
				MARKETING_VERSION = 1.0;
				PRODUCT_BUNDLE_IDENTIFIER = Composable.TCAtest;
				PRODUCT_NAME = "$(TARGET_NAME)";
				REGISTER_APP_GROUPS = YES;
				SDKROOT = auto;
				STRING_CATALOG_GENERATE_SYMBOLS = YES;
				SUPPORTED_PLATFORMS = "iphoneos iphonesimulator";
				SUPPORTS_MACCATALYST = NO;
				SWIFT_APPROACHABLE_CONCURRENCY = YES;
				SWIFT_DEFAULT_ACTOR_ISOLATION = MainActor;
				SWIFT_EMIT_LOC_STRINGS = YES;
				SWIFT_UPCOMING_FEATURE_MEMBER_IMPORT_VISIBILITY = YES;
				SWIFT_VERSION = 6.0;
				TARGETED_DEVICE_FAMILY = 1;
				XROS_DEPLOYMENT_TARGET = 26.0;
			};
			name = Release;
		};
		26B27C392EED9007003E5177 /* Debug */ = {
			isa = XCBuildConfiguration;
			buildSettings = {
				BUNDLE_LOADER = "$(TEST_HOST)";
				CODE_SIGN_STYLE = Automatic;
				CURRENT_PROJECT_VERSION = 1;
				DEAD_CODE_STRIPPING = YES;
				DEVELOPMENT_TEAM = 629X8QHQXD;
				GENERATE_INFOPLIST_FILE = YES;
				IPHONEOS_DEPLOYMENT_TARGET = 26.1;
				MACOSX_DEPLOYMENT_TARGET = 26.1;
				MARKETING_VERSION = 1.0;
				PRODUCT_BUNDLE_IDENTIFIER = Composable.TCAtestTests;
				PRODUCT_NAME = "$(TARGET_NAME)";
				SDKROOT = auto;
				STRING_CATALOG_GENERATE_SYMBOLS = NO;
				SUPPORTED_PLATFORMS = "iphoneos iphonesimulator macosx xros xrsimulator";
				SWIFT_APPROACHABLE_CONCURRENCY = YES;
				SWIFT_EMIT_LOC_STRINGS = NO;
				SWIFT_UPCOMING_FEATURE_MEMBER_IMPORT_VISIBILITY = YES;
				SWIFT_VERSION = 5.0;
				TARGETED_DEVICE_FAMILY = "1,2,7";
				TEST_HOST = "$(BUILT_PRODUCTS_DIR)/TCAtest.app/$(BUNDLE_EXECUTABLE_FOLDER_PATH)/TCAtest";
				XROS_DEPLOYMENT_TARGET = 26.1;
			};
			name = Debug;
		};
		26B27C3A2EED9007003E5177 /* Release */ = {
			isa = XCBuildConfiguration;
			buildSettings = {
				BUNDLE_LOADER = "$(TEST_HOST)";
				CODE_SIGN_STYLE = Automatic;
				CURRENT_PROJECT_VERSION = 1;
				DEAD_CODE_STRIPPING = YES;
				DEVELOPMENT_TEAM = 629X8QHQXD;
				GENERATE_INFOPLIST_FILE = YES;
				IPHONEOS_DEPLOYMENT_TARGET = 26.1;
				MACOSX_DEPLOYMENT_TARGET = 26.1;
				MARKETING_VERSION = 1.0;
				PRODUCT_BUNDLE_IDENTIFIER = Composable.TCAtestTests;
				PRODUCT_NAME = "$(TARGET_NAME)";
				SDKROOT = auto;
				STRING_CATALOG_GENERATE_SYMBOLS = NO;
				SUPPORTED_PLATFORMS = "iphoneos iphonesimulator macosx xros xrsimulator";
				SWIFT_APPROACHABLE_CONCURRENCY = YES;
				SWIFT_EMIT_LOC_STRINGS = NO;
				SWIFT_UPCOMING_FEATURE_MEMBER_IMPORT_VISIBILITY = YES;
				SWIFT_VERSION = 5.0;
				TARGETED_DEVICE_FAMILY = "1,2,7";
				TEST_HOST = "$(BUILT_PRODUCTS_DIR)/TCAtest.app/$(BUNDLE_EXECUTABLE_FOLDER_PATH)/TCAtest";
				XROS_DEPLOYMENT_TARGET = 26.1;
			};
			name = Release;
		};
		26B27C3C2EED9007003E5177 /* Debug */ = {
			isa = XCBuildConfiguration;
			buildSettings = {
				CODE_SIGN_STYLE = Automatic;
				CURRENT_PROJECT_VERSION = 1;
				DEAD_CODE_STRIPPING = YES;
				DEVELOPMENT_TEAM = 629X8QHQXD;
				GENERATE_INFOPLIST_FILE = YES;
				IPHONEOS_DEPLOYMENT_TARGET = 26.1;
				MACOSX_DEPLOYMENT_TARGET = 26.1;
				MARKETING_VERSION = 1.0;
				PRODUCT_BUNDLE_IDENTIFIER = Composable.TCAtestUITests;
				PRODUCT_NAME = "$(TARGET_NAME)";
				SDKROOT = auto;
				STRING_CATALOG_GENERATE_SYMBOLS = NO;
				SUPPORTED_PLATFORMS = "iphoneos iphonesimulator macosx xros xrsimulator";
				SWIFT_APPROACHABLE_CONCURRENCY = YES;
				SWIFT_EMIT_LOC_STRINGS = NO;
				SWIFT_UPCOMING_FEATURE_MEMBER_IMPORT_VISIBILITY = YES;
				SWIFT_VERSION = 5.0;
				TARGETED_DEVICE_FAMILY = "1,2,7";
				TEST_TARGET_NAME = TCAtest;
				XROS_DEPLOYMENT_TARGET = 26.1;
			};
			name = Debug;
		};
		26B27C3D2EED9007003E5177 /* Release */ = {
			isa = XCBuildConfiguration;
			buildSettings = {
				CODE_SIGN_STYLE = Automatic;
				CURRENT_PROJECT_VERSION = 1;
				DEAD_CODE_STRIPPING = YES;
				DEVELOPMENT_TEAM = 629X8QHQXD;
				GENERATE_INFOPLIST_FILE = YES;
				IPHONEOS_DEPLOYMENT_TARGET = 26.1;
				MACOSX_DEPLOYMENT_TARGET = 26.1;
				MARKETING_VERSION = 1.0;
				PRODUCT_BUNDLE_IDENTIFIER = Composable.TCAtestUITests;
				PRODUCT_NAME = "$(TARGET_NAME)";
				SDKROOT = auto;
				STRING_CATALOG_GENERATE_SYMBOLS = NO;
				SUPPORTED_PLATFORMS = "iphoneos iphonesimulator macosx xros xrsimulator";
				SWIFT_APPROACHABLE_CONCURRENCY = YES;
				SWIFT_EMIT_LOC_STRINGS = NO;
				SWIFT_UPCOMING_FEATURE_MEMBER_IMPORT_VISIBILITY = YES;
				SWIFT_VERSION = 5.0;
				TARGETED_DEVICE_FAMILY = "1,2,7";
				TEST_TARGET_NAME = TCAtest;
				XROS_DEPLOYMENT_TARGET = 26.1;
			};
			name = Release;
		};
/* End XCBuildConfiguration section */

/* Begin XCConfigurationList section */
		2676C0202F2F3F1B00338353 /* Build configuration list for PBXNativeTarget "MyAppClip" */ = {
			isa = XCConfigurationList;
			buildConfigurations = (
				2676C0192F2F3F1B00338353 /* Debug */,
				2676C01A2F2F3F1B00338353 /* Release */,
			);
			defaultConfigurationIsVisible = 0;
			defaultConfigurationName = Release;
		};
		2676C0212F2F3F1B00338353 /* Build configuration list for PBXNativeTarget "MyAppClipTests" */ = {
			isa = XCConfigurationList;
			buildConfigurations = (
				2676C01B2F2F3F1B00338353 /* Debug */,
				2676C01C2F2F3F1B00338353 /* Release */,
			);
			defaultConfigurationIsVisible = 0;
			defaultConfigurationName = Release;
		};
		2676C0222F2F3F1B00338353 /* Build configuration list for PBXNativeTarget "MyAppClipUITests" */ = {
			isa = XCConfigurationList;
			buildConfigurations = (
				2676C01D2F2F3F1B00338353 /* Debug */,
				2676C01E2F2F3F1B00338353 /* Release */,
			);
			defaultConfigurationIsVisible = 0;
			defaultConfigurationName = Release;
		};
		26B27C0F2EED9006003E5177 /* Build configuration list for PBXProject "TCAtest" */ = {
			isa = XCConfigurationList;
			buildConfigurations = (
				26B27C332EED9007003E5177 /* Debug */,
				26B27C342EED9007003E5177 /* Release */,
			);
			defaultConfigurationIsVisible = 0;
			defaultConfigurationName = Release;
		};
		26B27C352EED9007003E5177 /* Build configuration list for PBXNativeTarget "TCAtest" */ = {
			isa = XCConfigurationList;
			buildConfigurations = (
				26B27C362EED9007003E5177 /* Debug */,
				26B27C372EED9007003E5177 /* Release */,
			);
			defaultConfigurationIsVisible = 0;
			defaultConfigurationName = Release;
		};
		26B27C382EED9007003E5177 /* Build configuration list for PBXNativeTarget "TCAtestTests" */ = {
			isa = XCConfigurationList;
			buildConfigurations = (
				26B27C392EED9007003E5177 /* Debug */,
				26B27C3A2EED9007003E5177 /* Release */,
			);
			defaultConfigurationIsVisible = 0;
			defaultConfigurationName = Release;
		};
		26B27C3B2EED9007003E5177 /* Build configuration list for PBXNativeTarget "TCAtestUITests" */ = {
			isa = XCConfigurationList;
			buildConfigurations = (
				26B27C3C2EED9007003E5177 /* Debug */,
				26B27C3D2EED9007003E5177 /* Release */,
			);
			defaultConfigurationIsVisible = 0;
			defaultConfigurationName = Release;
		};
/* End XCConfigurationList section */

/* Begin XCRemoteSwiftPackageReference section */
		2625C8B42EEDA0C000BCD48D /* XCRemoteSwiftPackageReference "swift-composable-architecture" */ = {
			isa = XCRemoteSwiftPackageReference;
			repositoryURL = "https://github.com/pointfreeco/swift-composable-architecture";
			requirement = {
				kind = upToNextMajorVersion;
				minimumVersion = 1.23.1;
			};
		};
/* End XCRemoteSwiftPackageReference section */

/* Begin XCSwiftPackageProductDependency section */
		1D7CF1EF3067F73900AB9B9A /* AppDependencies */ = {
			isa = XCSwiftPackageProductDependency;
			productName = AppDependencies;
		};
		2625C8DD2EEDADB700BCD48D /* ComposableArchitecture */ = {
			isa = XCSwiftPackageProductDependency;
			package = 2625C8B42EEDA0C000BCD48D /* XCRemoteSwiftPackageReference "swift-composable-architecture" */;
			productName = ComposableArchitecture;
		};
		2625C8DF2EEDADD400BCD48D /* AppFeature */ = {
			isa = XCSwiftPackageProductDependency;
			productName = AppFeature;
		};
		2625C8E12EEDADD400BCD48D /* BaseCore */ = {
			isa = XCSwiftPackageProductDependency;
			productName = BaseCore;
		};
		2625C8E32EEDADD400BCD48D /* DomainCore */ = {
			isa = XCSwiftPackageProductDependency;
			productName = DomainCore;
		};
		2625C8E52EEDADD400BCD48D /* FeatureHome */ = {
			isa = XCSwiftPackageProductDependency;
			productName = FeatureHome;
		};
		2625C8E72EEDADD400BCD48D /* FeatureSplash */ = {
			isa = XCSwiftPackageProductDependency;
			productName = FeatureSplash;
		};
		2625C8E92EEDADD400BCD48D /* NetworkCore */ = {
			isa = XCSwiftPackageProductDependency;
			productName = NetworkCore;
		};
		2625C8EB2EEDADD400BCD48D /* StorageCore */ = {
			isa = XCSwiftPackageProductDependency;
			productName = StorageCore;
		};
		2627A9692F09868400E1EDF9 /* DesignSystem */ = {
			isa = XCSwiftPackageProductDependency;
			productName = DesignSystem;
		};
		2676C0232F2F3FB200338353 /* AppFeature */ = {
			isa = XCSwiftPackageProductDependency;
			productName = AppFeature;
		};
		2676C0252F2F3FB200338353 /* BaseCore */ = {
			isa = XCSwiftPackageProductDependency;
			productName = BaseCore;
		};
		2676C0272F2F3FB200338353 /* DesignSystem */ = {
			isa = XCSwiftPackageProductDependency;
			productName = DesignSystem;
		};
		2676C0292F2F3FB200338353 /* DomainCore */ = {
			isa = XCSwiftPackageProductDependency;
			productName = DomainCore;
		};
		2676C02D2F2F3FB200338353 /* PostDetailFeature */ = {
			isa = XCSwiftPackageProductDependency;
			productName = PostDetailFeature;
		};
		2676C0312F2F3FB200338353 /* NetworkCore */ = {
			isa = XCSwiftPackageProductDependency;
			productName = NetworkCore;
		};
		2676C0332F2F3FB200338353 /* StorageCore */ = {
			isa = XCSwiftPackageProductDependency;
			productName = StorageCore;
		};
		2676C0352F2F3FB200338353 /* TCAAdapters */ = {
			isa = XCSwiftPackageProductDependency;
			productName = TCAAdapters;
		};
		2676C0372F2F3FC000338353 /* ComposableArchitecture */ = {
			isa = XCSwiftPackageProductDependency;
			package = 2625C8B42EEDA0C000BCD48D /* XCRemoteSwiftPackageReference "swift-composable-architecture" */;
			productName = ComposableArchitecture;
		};
/* End XCSwiftPackageProductDependency section */
	};
	rootObject = 26B27C0C2EED9006003E5177 /* Project object */;
}
